
Microsoft Visual Studio Solution File, Format Version 12.00
Project("{FAE04EC0-301F-11D3-BF4B-00C04F79EFBC}") = "TasBird", "TasBird\TasBird.csproj", "{7B0E8E2C-C874-4C4B-BC88-EBFB0FD3F22D}"
EndProject
Project("{FAE04EC0-301F-11D3-BF4B-00C04F79EFBC}") = "LevelLoader", "LevelLoader\LevelLoader.csproj", "{B1A4B1FC-B426-4A73-9B7D-BDAF13355E49}"
EndProject
Global
	GlobalSection(SolutionConfigurationPlatforms) = preSolution
		Debug|Any CPU = Debug|Any CPU
		Release|Any CPU = Release|Any CPU
	EndGlobalSection
	GlobalSection(ProjectConfigurationPlatforms) = postSolution
		{7B0E8E2C-C874-4C4B-BC88-EBFB0FD3F22D}.Debug|Any CPU.ActiveCfg = Debug|Any CPU
		{7B0E8E2C-C874-4C4B-BC88-EBFB0FD3F22D}.Debug|Any CPU.Build.0 = Debug|Any CPU
		{7B0E8E2C-C874-4C4B-BC88-EBFB0FD3F22D}.Release|Any CPU.ActiveCfg = Release|Any CPU
		{7B0E8E2C-C874-4C4B-BC88-EBFB0FD3F22D}.Release|Any CPU.Build.0 = Release|Any CPU
		{B1A4B1FC-B426-4A73-9B7D-BDAF13355E49}.Debug|Any CPU.ActiveCfg = Debug|Any CPU
		{B1A4B1FC-B426-4A73-9B7D-BDAF13355E49}.Debug|Any CPU.Build.0 = Debug|Any CPU
		{B1A4B1FC-B426-4A73-9B7D-BDAF13355E49}.Release|Any CPU.ActiveCfg = Release|Any CPU
		{B1A4B1FC-B426-4A73-9B7D-BDAF13355E49}.Release|Any CPU.Build.0 = Release|Any CPU
	EndGlobalSection
EndGlobal
